<?xml version="1.0" encoding="utf-8"?>
<Project ToolsVersion="4.0" xmlns="http://schemas.microsoft.com/developer/msbuild/2003">
  <ItemGroup>
    <ClCompile Include="App.cpp">
      <Filter>Source</Filter>
    </ClCompile>
    <ClCompile Include="WinMain.cpp">
      <Filter>Source</Filter>
    </ClCompile>
    <ClCompile Include="Input.cpp">
      <Filter>Source</Filter>
    </ClCompile>
    <ClCompile Include="Window.cpp">
      <Filter>Source</Filter>
    </ClCompile>
    <ClCompile Include="Graphics.cpp">
      <Filter>Source</Filter>
    </ClCompile>
    <ClCompile Include="imgui\imgui.cpp">
      <Filter>imgui</Filter>
    </ClCompile>
    <ClCompile Include="imgui\imgui_demo.cpp">
      <Filter>imgui</Filter>
    </ClCompile>
    <ClCompile Include="imgui\imgui_draw.cpp">
      <Filter>imgui</Filter>
    </ClCompile>
    <ClCompile Include="imgui\imgui_impl_dx11.cpp">
      <Filter>imgui</Filter>
    </ClCompile>
    <ClCompile Include="imgui\imgui_impl_win32.cpp">
      <Filter>imgui</Filter>
    </ClCompile>
    <ClCompile Include="imgui\imgui_widgets.cpp">
      <Filter>imgui</Filter>
    </ClCompile>
    <ClCompile Include="DrawPictureCube.cpp">
      <Filter>Source</Filter>
    </ClCompile>
    <ClCompile Include="DrawFunction.cpp">
      <Filter>Source</Filter>
    </ClCompile>
    <ClCompile Include="Object.cpp">
      <Filter>Source\Bindable</Filter>
    </ClCompile>
    <ClCompile Include="Bindable.cpp">
      <Filter>Source\Bindable</Filter>
    </ClCompile>
    <ClCompile Include="Transform.cpp">
      <Filter>Source\Bindable</Filter>
    </ClCompile>
    <ClCompile Include="Texture.cpp">
      <Filter>Source\Bindable</Filter>
    </ClCompile>
    <ClCompile Include="Camera.cpp">
      <Filter>Source</Filter>
    </ClCompile>
    <ClCompile Include="Shape.cpp">
      <Filter>Source</Filter>
    </ClCompile>
    <ClCompile Include="Surface.cpp" />
    <ClCompile Include="d2write.cpp" />
  </ItemGroup>
  <ItemGroup>
    <ClInclude Include="App.h">
      <Filter>Header</Filter>
    </ClInclude>
    <ClInclude Include="stdafx.h">
      <Filter>Header</Filter>
    </ClInclude>
    <ClInclude Include="Window.h">
      <Filter>Header</Filter>
    </ClInclude>
    <ClInclude Include="Input.h">
      <Filter>Header</Filter>
    </ClInclude>
    <ClInclude Include="Graphics.h">
      <Filter>Header</Filter>
    </ClInclude>
    <ClInclude Include="imgui\imconfig.h">
      <Filter>imgui</Filter>
    </ClInclude>
    <ClInclude Include="imgui\imgui.h">
      <Filter>imgui</Filter>
    </ClInclude>
    <ClInclude Include="imgui\imgui_impl_dx11.h">
      <Filter>imgui</Filter>
    </ClInclude>
    <ClInclude Include="imgui\imgui_impl_win32.h">
      <Filter>imgui</Filter>
    </ClInclude>
    <ClInclude Include="imgui\imgui_internal.h">
      <Filter>imgui</Filter>
    </ClInclude>
    <ClInclude Include="imgui\imstb_rectpack.h">
      <Filter>imgui</Filter>
    </ClInclude>
    <ClInclude Include="imgui\imstb_textedit.h">
      <Filter>imgui</Filter>
    </ClInclude>
    <ClInclude Include="imgui\imstb_truetype.h">
      <Filter>imgui</Filter>
    </ClInclude>
    <ClInclude Include="DrawPictureCube.h">
      <Filter>Header</Filter>
    </ClInclude>
    <ClInclude Include="DrawFunction.h">
      <Filter>Header</Filter>
    </ClInclude>
    <ClInclude Include="Object.h">
      <Filter>Header\Bindable</Filter>
    </ClInclude>
    <ClInclude Include="Bindable.h">
      <Filter>Header\Bindable</Filter>
    </ClInclude>
    <ClInclude Include="Transform.h">
      <Filter>Header\Bindable</Filter>
    </ClInclude>
    <ClInclude Include="Texture.h">
      <Filter>Header\Bindable</Filter>
    </ClInclude>
    <ClInclude Include="Camera.h">
      <Filter>Header</Filter>
    </ClInclude>
    <ClInclude Include="Shape.h">
      <Filter>Header</Filter>
    </ClInclude>
    <ClInclude Include="Surface.h" />
    <ClInclude Include="dxtex\include\BC.h">
      <Filter>dxtex</Filter>
    </ClInclude>
    <ClInclude Include="dxtex\include\BCDirectCompute.h">
      <Filter>dxtex</Filter>
    </ClInclude>
    <ClInclude Include="dxtex\include\d3dx12.h">
      <Filter>dxtex</Filter>
    </ClInclude>
    <ClInclude Include="dxtex\include\DDS.h">
      <Filter>dxtex</Filter>
    </ClInclude>
    <ClInclude Include="dxtex\include\DirectXTex.h">
      <Filter>dxtex</Filter>
    </ClInclude>
    <ClInclude Include="dxtex\include\DirectXTexP.h">
      <Filter>dxtex</Filter>
    </ClInclude>
    <ClInclude Include="dxtex\include\filters.h">
      <Filter>dxtex</Filter>
    </ClInclude>
    <ClInclude Include="dxtex\include\scoped.h">
      <Filter>dxtex</Filter>
    </ClInclude>
    <ClInclude Include="d2write.h" />
  </ItemGroup>
  <ItemGroup>
    <Filter Include="Header">
      <UniqueIdentifier>{fcbd2c81-6daa-4346-8d9b-ac25782f5538}</UniqueIdentifier>
    </Filter>
    <Filter Include="Source">
      <UniqueIdentifier>{0362c349-42c2-4fe9-9d31-eb7e50a1122f}</UniqueIdentifier>
    </Filter>
    <Filter Include="imgui">
      <UniqueIdentifier>{950f395d-cf23-409d-ac79-f4498f683800}</UniqueIdentifier>
    </Filter>
    <Filter Include="Header\Bindable">
      <UniqueIdentifier>{39c1a244-8269-433c-b940-720edb8434a4}</UniqueIdentifier>
    </Filter>
    <Filter Include="Source\Bindable">
      <UniqueIdentifier>{bcd00ba1-8113-490f-bfd8-a6ea30fd9615}</UniqueIdentifier>
    </Filter>
    <Filter Include="Shader">
      <UniqueIdentifier>{ea37624c-ff81-4097-9e89-bcbaf21290ac}</UniqueIdentifier>
    </Filter>
    <Filter Include="Shader\Include">
      <UniqueIdentifier>{d5c5b9cc-98df-4fb3-ba68-4de52b811ea0}</UniqueIdentifier>
    </Filter>
    <Filter Include="dxtex">
      <UniqueIdentifier>{c2f3f01c-56f7-4c6e-bca3-ad993524e7eb}</UniqueIdentifier>
    </Filter>
  </ItemGroup>
  <ItemGroup>
    <FxCompile Include="TexturePS.hlsl">
      <Filter>Shader</Filter>
    </FxCompile>
    <FxCompile Include="TextureVS.hlsl">
      <Filter>Shader</Filter>
    </FxCompile>
  </ItemGroup>
  <ItemGroup>
    <None Include="Transform.hlsli">
      <Filter>Shader\Include</Filter>
    </None>
    <None Include="dxtex\include\DirectXTex.inl">
      <Filter>dxtex</Filter>
    </None>
  </ItemGroup>
  <ItemGroup>
    <Library Include="dxtex\bin\DirectXTex.lib">
      <Filter>dxtex</Filter>
    </Library>
  </ItemGroup>
</Project>